
Microsoft Visual Studio Solution File, Format Version 12.00
# Visual Studio Version 16
VisualStudioVersion = 16.0.31624.102
MinimumVisualStudioVersion = 10.0.40219.1
Project("{FAE04EC0-301F-11D3-BF4B-00C04F79EFBC}") = "SantoAngelo.UWP", "SantoAngelo\SantoAngelo.UWP\SantoAngelo.UWP.csproj", "{439A8DB1-7E79-49A1-A940-5750A70F9B5A}"
EndProject
Project("{FAE04EC0-301F-11D3-BF4B-00C04F79EFBC}") = "SantoAngelo.Android", "SantoAngelo\SantoAngelo.Android\SantoAngelo.Android.csproj", "{80990C15-82C2-4B73-9C43-075DF8336836}"
EndProject
Project("{FAE04EC0-301F-11D3-BF4B-00C04F79EFBC}") = "SantoAngelo.iOS", "SantoAngelo\SantoAngelo.iOS\SantoAngelo.iOS.csproj", "{3932C49A-5D63-42CE-A777-E0A23C4076FF}"
EndProject
Project("{FAE04EC0-301F-11D3-BF4B-00C04F79EFBC}") = "SantoAngelo", "SantoAngelo\SantoAngelo\SantoAngelo.csproj", "{ED9F2FAB-4C90-420C-ADCA-5FAEDAB06A19}"
EndProject
Global
	GlobalSection(SolutionConfigurationPlatforms) = preSolution
		Debug|Any CPU = Debug|Any CPU
		Debug|ARM = Debug|ARM
		Debug|iPhone = Debug|iPhone
		Debug|iPhoneSimulator = Debug|iPhoneSimulator
		Debug|x64 = Debug|x64
		Debug|x86 = Debug|x86
		Release|Any CPU = Release|Any CPU
		Release|ARM = Release|ARM
		Release|iPhone = Release|iPhone
		Release|iPhoneSimulator = Release|iPhoneSimulator
		Release|x64 = Release|x64
		Release|x86 = Release|x86
	EndGlobalSection
	GlobalSection(ProjectConfigurationPlatforms) = postSolution
		{439A8DB1-7E79-49A1-A940-5750A70F9B5A}.Debug|Any CPU.ActiveCfg = Debug|x86
		{439A8DB1-7E79-49A1-A940-5750A70F9B5A}.Debug|Any CPU.Build.0 = Debug|x86
		{439A8DB1-7E79-49A1-A940-5750A70F9B5A}.Debug|Any CPU.Deploy.0 = Debug|x86
		{439A8DB1-7E79-49A1-A940-5750A70F9B5A}.Debug|ARM.ActiveCfg = Debug|ARM
		{439A8DB1-7E79-49A1-A940-5750A70F9B5A}.Debug|ARM.Build.0 = Debug|ARM
		{439A8DB1-7E79-49A1-A940-5750A70F9B5A}.Debug|ARM.Deploy.0 = Debug|ARM
		{439A8DB1-7E79-49A1-A940-5750A70F9B5A}.Debug|iPhone.ActiveCfg = Debug|x86
		{439A8DB1-7E79-49A1-A940-5750A70F9B5A}.Debug|iPhone.Build.0 = Debug|x86
		{439A8DB1-7E79-49A1-A940-5750A70F9B5A}.Debug|iPhone.Deploy.0 = Debug|x86
		{439A8DB1-7E79-49A1-A940-5750A70F9B5A}.Debug|iPhoneSimulator.ActiveCfg = Debug|x86
		{439A8DB1-7E79-49A1-A940-5750A70F9B5A}.Debug|iPhoneSimulator.Build.0 = Debug|x86
		{439A8DB1-7E79-49A1-A940-5750A70F9B5A}.Debug|iPhoneSimulator.Deploy.0 = Debug|x86
		{439A8DB1-7E79-49A1-A940-5750A70F9B5A}.Debug|x64.ActiveCfg = Debug|x64
		{439A8DB1-7E79-49A1-A940-5750A70F9B5A}.Debug|x64.Build.0 = Debug|x64
		{439A8DB1-7E79-49A1-A940-5750A70F9B5A}.Debug|x64.Deploy.0 = Debug|x64
		{439A8DB1-7E79-49A1-A940-5750A70F9B5A}.Debug|x86.ActiveCfg = Debug|x86
		{439A8DB1-7E79-49A1-A940-5750A70F9B5A}.Debug|x86.Build.0 = Debug|x86
		{439A8DB1-7E79-49A1-A940-5750A70F9B5A}.Debug|x86.Deploy.0 = Debug|x86
		{439A8DB1-7E79-49A1-A940-5750A70F9B5A}.Release|Any CPU.ActiveCfg = Release|x86
		{439A8DB1-7E79-49A1-A940-5750A70F9B5A}.Release|Any CPU.Build.0 = Release|x86
		{439A8DB1-7E79-49A1-A940-5750A70F9B5A}.Release|Any CPU.Deploy.0 = Release|x86
		{439A8DB1-7E79-49A1-A940-5750A70F9B5A}.Release|ARM.ActiveCfg = Release|ARM
		{439A8DB1-7E79-49A1-A940-5750A70F9B5A}.Release|ARM.Build.0 = Release|ARM
		{439A8DB1-7E79-49A1-A940-5750A70F9B5A}.Release|ARM.Deploy.0 = Release|ARM
		{439A8DB1-7E79-49A1-A940-5750A70F9B5A}.Release|iPhone.ActiveCfg = Release|x86
		{439A8DB1-7E79-49A1-A940-5750A70F9B5A}.Release|iPhone.Build.0 = Release|x86
		{439A8DB1-7E79-49A1-A940-5750A70F9B5A}.Release|iPhone.Deploy.0 = Release|x86
		{439A8DB1-7E79-49A1-A940-5750A70F9B5A}.Release|iPhoneSimulator.ActiveCfg = Release|x86
		{439A8DB1-7E79-49A1-A940-5750A70F9B5A}.Release|iPhoneSimulator.Build.0 = Release|x86
		{439A8DB1-7E79-49A1-A940-5750A70F9B5A}.Release|iPhoneSimulator.Deploy.0 = Release|x86
		{439A8DB1-7E79-49A1-A940-5750A70F9B5A}.Release|x64.ActiveCfg = Release|x64
		{439A8DB1-7E79-49A1-A940-5750A70F9B5A}.Release|x64.Build.0 = Release|x64
		{439A8DB1-7E79-49A1-A940-5750A70F9B5A}.Release|x64.Deploy.0 = Release|x64
		{439A8DB1-7E79-49A1-A940-5750A70F9B5A}.Release|x86.ActiveCfg = Release|x86
		{439A8DB1-7E79-49A1-A940-5750A70F9B5A}.Release|x86.Build.0 = Release|x86
		{439A8DB1-7E79-49A1-A940-5750A70F9B5A}.Release|x86.Deploy.0 = Release|x86
		{80990C15-82C2-4B73-9C43-075DF8336836}.Debug|Any CPU.ActiveCfg = Debug|Any CPU
		{80990C15-82C2-4B73-9C43-075DF8336836}.Debug|Any CPU.Build.0 = Debug|Any CPU
		{80990C15-82C2-4B73-9C43-075DF8336836}.Debug|Any CPU.Deploy.0 = Debug|Any CPU
		{80990C15-82C2-4B73-9C43-075DF8336836}.Debug|ARM.ActiveCfg = Debug|Any CPU
		{80990C15-82C2-4B73-9C43-075DF8336836}.Debug|ARM.Build.0 = Debug|Any CPU
		{80990C15-82C2-4B73-9C43-075DF8336836}.Debug|ARM.Deploy.0 = Debug|Any CPU
		{80990C15-82C2-4B73-9C43-075DF8336836}.Debug|iPhone.ActiveCfg = Debug|Any CPU
		{80990C15-82C2-4B73-9C43-075DF8336836}.Debug|iPhone.Build.0 = Debug|Any CPU
		{80990C15-82C2-4B73-9C43-075DF8336836}.Debug|iPhone.Deploy.0 = Debug|Any CPU
		{80990C15-82C2-4B73-9C43-075DF8336836}.Debug|iPhoneSimulator.ActiveCfg = Debug|Any CPU
		{80990C15-82C2-4B73-9C43-075DF8336836}.Debug|iPhoneSimulator.Build.0 = Debug|Any CPU
		{80990C15-82C2-4B73-9C43-075DF8336836}.Debug|iPhoneSimulator.Deploy.0 = Debug|Any CPU
		{80990C15-82C2-4B73-9C43-075DF8336836}.Debug|x64.ActiveCfg = Debug|Any CPU
		{80990C15-82C2-4B73-9C43-075DF8336836}.Debug|x64.Build.0 = Debug|Any CPU
		{80990C15-82C2-4B73-9C43-075DF8336836}.Debug|x64.Deploy.0 = Debug|Any CPU
		{80990C15-82C2-4B73-9C43-075DF8336836}.Debug|x86.ActiveCfg = Debug|Any CPU
		{80990C15-82C2-4B73-9C43-075DF8336836}.Debug|x86.Build.0 = Debug|Any CPU
		{80990C15-82C2-4B73-9C43-075DF8336836}.Debug|x86.Deploy.0 = Debug|Any CPU
		{80990C15-82C2-4B73-9C43-075DF8336836}.Release|Any CPU.ActiveCfg = Release|Any CPU
		{80990C15-82C2-4B73-9C43-075DF8336836}.Release|Any CPU.Build.0 = Release|Any CPU
		{80990C15-82C2-4B73-9C43-075DF8336836}.Release|Any CPU.Deploy.0 = Release|Any CPU
		{80990C15-82C2-4B73-9C43-075DF8336836}.Release|ARM.ActiveCfg = Release|Any CPU
		{80990C15-82C2-4B73-9C43-075DF8336836}.Release|ARM.Build.0 = Release|Any CPU
		{80990C15-82C2-4B73-9C43-075DF8336836}.Release|ARM.Deploy.0 = Release|Any CPU
		{80990C15-82C2-4B73-9C43-075DF8336836}.Release|iPhone.ActiveCfg = Release|Any CPU
		{80990C15-82C2-4B73-9C43-075DF8336836}.Release|iPhone.Build.0 = Release|Any CPU
		{80990C15-82C2-4B73-9C43-075DF8336836}.Release|iPhone.Deploy.0 = Release|Any CPU
		{80990C15-82C2-4B73-9C43-075DF8336836}.Release|iPhoneSimulator.ActiveCfg = Release|Any CPU
		{80990C15-82C2-4B73-9C43-075DF8336836}.Release|iPhoneSimulator.Build.0 = Release|Any CPU
		{80990C15-82C2-4B73-9C43-075DF8336836}.Release|iPhoneSimulator.Deploy.0 = Release|Any CPU
		{80990C15-82C2-4B73-9C43-075DF8336836}.Release|x64.ActiveCfg = Release|Any CPU
		{80990C15-82C2-4B73-9C43-075DF8336836}.Release|x64.Build.0 = Release|Any CPU
		{80990C15-82C2-4B73-9C43-075DF8336836}.Release|x64.Deploy.0 = Release|Any CPU
		{80990C15-82C2-4B73-9C43-075DF8336836}.Release|x86.ActiveCfg = Release|Any CPU
		{80990C15-82C2-4B73-9C43-075DF8336836}.Release|x86.Build.0 = Release|Any CPU
		{80990C15-82C2-4B73-9C43-075DF8336836}.Release|x86.Deploy.0 = Release|Any CPU
		{3932C49A-5D63-42CE-A777-E0A23C4076FF}.Debug|Any CPU.ActiveCfg = Debug|iPhoneSimulator
		{3932C49A-5D63-42CE-A777-E0A23C4076FF}.Debug|Any CPU.Build.0 = Debug|iPhoneSimulator
		{3932C49A-5D63-42CE-A777-E0A23C4076FF}.Debug|Any CPU.Deploy.0 = Debug|iPhoneSimulator
		{3932C49A-5D63-42CE-A777-E0A23C4076FF}.Debug|ARM.ActiveCfg = Debug|iPhone
		{3932C49A-5D63-42CE-A777-E0A23C4076FF}.Debug|ARM.Build.0 = Debug|iPhone
		{3932C49A-5D63-42CE-A777-E0A23C4076FF}.Debug|ARM.Deploy.0 = Debug|iPhone
		{3932C49A-5D63-42CE-A777-E0A23C4076FF}.Debug|iPhone.ActiveCfg = Debug|iPhone
		{3932C49A-5D63-42CE-A777-E0A23C4076FF}.Debug|iPhone.Build.0 = Debug|iPhone
		{3932C49A-5D63-42CE-A777-E0A23C4076FF}.Debug|iPhone.Deploy.0 = Debug|iPhone
		{3932C49A-5D63-42CE-A777-E0A23C4076FF}.Debug|iPhoneSimulator.ActiveCfg = Debug|iPhoneSimulator
		{3932C49A-5D63-42CE-A777-E0A23C4076FF}.Debug|iPhoneSimulator.Build.0 = Debug|iPhoneSimulator
		{3932C49A-5D63-42CE-A777-E0A23C4076FF}.Debug|iPhoneSimulator.Deploy.0 = Debug|iPhoneSimulator
		{3932C49A-5D63-42CE-A777-E0A23C4076FF}.Debug|x64.ActiveCfg = Debug|iPhoneSimulator
		{3932C49A-5D63-42CE-A777-E0A23C4076FF}.Debug|x64.Build.0 = Debug|iPhoneSimulator
		{3932C49A-5D63-42CE-A777-E0A23C4076FF}.Debug|x64.Deploy.0 = Debug|iPhoneSimulator
		{3932C49A-5D63-42CE-A777-E0A23C4076FF}.Debug|x86.ActiveCfg = Debug|iPhoneSimulator
		{3932C49A-5D63-42CE-A777-E0A23C4076FF}.Debug|x86.Build.0 = Debug|iPhoneSimulator
		{3932C49A-5D63-42CE-A777-E0A23C4076FF}.Debug|x86.Deploy.0 = Debug|iPhoneSimulator
		{3932C49A-5D63-42CE-A777-E0A23C4076FF}.Release|Any CPU.ActiveCfg = Release|iPhoneSimulator
		{3932C49A-5D63-42CE-A777-E0A23C4076FF}.Release|Any CPU.Build.0 = Release|iPhoneSimulator
		{3932C49A-5D63-42CE-A777-E0A23C4076FF}.Release|Any CPU.Deploy.0 = Release|iPhoneSimulator
		{3932C49A-5D63-42CE-A777-E0A23C4076FF}.Release|ARM.ActiveCfg = Release|iPhoneSimulator
		{3932C49A-5D63-42CE-A777-E0A23C4076FF}.Release|ARM.Build.0 = Release|iPhoneSimulator
		{3932C49A-5D63-42CE-A777-E0A23C4076FF}.Release|ARM.Deploy.0 = Release|iPhoneSimulator
		{3932C49A-5D63-42CE-A777-E0A23C4076FF}.Release|iPhone.ActiveCfg = Release|iPhone
		{3932C49A-5D63-42CE-A777-E0A23C4076FF}.Release|iPhone.Build.0 = Release|iPhone
		{3932C49A-5D63-42CE-A777-E0A23C4076FF}.Release|iPhone.Deploy.0 = Release|iPhone
		{3932C49A-5D63-42CE-A777-E0A23C4076FF}.Release|iPhoneSimulator.ActiveCfg = Release|iPhoneSimulator
		{3932C49A-5D63-42CE-A777-E0A23C4076FF}.Release|iPhoneSimulator.Build.0 = Release|iPhoneSimulator
		{3932C49A-5D63-42CE-A777-E0A23C4076FF}.Release|iPhoneSimulator.Deploy.0 = Release|iPhoneSimulator
		{3932C49A-5D63-42CE-A777-E0A23C4076FF}.Release|x64.ActiveCfg = Release|iPhoneSimulator
		{3932C49A-5D63-42CE-A777-E0A23C4076FF}.Release|x64.Build.0 = Release|iPhoneSimulator
		{3932C49A-5D63-42CE-A777-E0A23C4076FF}.Release|x64.Deploy.0 = Release|iPhoneSimulator
		{3932C49A-5D63-42CE-A777-E0A23C4076FF}.Release|x86.ActiveCfg = Release|iPhoneSimulator
		{3932C49A-5D63-42CE-A777-E0A23C4076FF}.Release|x86.Build.0 = Release|iPhoneSimulator
		{3932C49A-5D63-42CE-A777-E0A23C4076FF}.Release|x86.Deploy.0 = Release|iPhoneSimulator
		{ED9F2FAB-4C90-420C-ADCA-5FAEDAB06A19}.Debug|Any CPU.ActiveCfg = Debug|Any CPU
		{ED9F2FAB-4C90-420C-ADCA-5FAEDAB06A19}.Debug|Any CPU.Build.0 = Debug|Any CPU
		{ED9F2FAB-4C90-420C-ADCA-5FAEDAB06A19}.Debug|Any CPU.Deploy.0 = Debug|Any CPU
		{ED9F2FAB-4C90-420C-ADCA-5FAEDAB06A19}.Debug|ARM.ActiveCfg = Debug|Any CPU
		{ED9F2FAB-4C90-420C-ADCA-5FAEDAB06A19}.Debug|ARM.Build.0 = Debug|Any CPU
		{ED9F2FAB-4C90-420C-ADCA-5FAEDAB06A19}.Debug|ARM.Deploy.0 = Debug|Any CPU
		{ED9F2FAB-4C90-420C-ADCA-5FAEDAB06A19}.Debug|iPhone.ActiveCfg = Debug|Any CPU
		{ED9F2FAB-4C90-420C-ADCA-5FAEDAB06A19}.Debug|iPhone.Build.0 = Debug|Any CPU
		{ED9F2FAB-4C90-420C-ADCA-5FAEDAB06A19}.Debug|iPhone.Deploy.0 = Debug|Any CPU
		{ED9F2FAB-4C90-420C-ADCA-5FAEDAB06A19}.Debug|iPhoneSimulator.ActiveCfg = Debug|Any CPU
		{ED9F2FAB-4C90-420C-ADCA-5FAEDAB06A19}.Debug|iPhoneSimulator.Build.0 = Debug|Any CPU
		{ED9F2FAB-4C90-420C-ADCA-5FAEDAB06A19}.Debug|iPhoneSimulator.Deploy.0 = Debug|Any CPU
		{ED9F2FAB-4C90-420C-ADCA-5FAEDAB06A19}.Debug|x64.ActiveCfg = Debug|Any CPU
		{ED9F2FAB-4C90-420C-ADCA-5FAEDAB06A19}.Debug|x64.Build.0 = Debug|Any CPU
		{ED9F2FAB-4C90-420C-ADCA-5FAEDAB06A19}.Debug|x64.Deploy.0 = Debug|Any CPU
		{ED9F2FAB-4C90-420C-ADCA-5FAEDAB06A19}.Debug|x86.ActiveCfg = Debug|Any CPU
		{ED9F2FAB-4C90-420C-ADCA-5FAEDAB06A19}.Debug|x86.Build.0 = Debug|Any CPU
		{ED9F2FAB-4C90-420C-ADCA-5FAEDAB06A19}.Debug|x86.Deploy.0 = Debug|Any CPU
		{ED9F2FAB-4C90-420C-ADCA-5FAEDAB06A19}.Release|Any CPU.ActiveCfg = Release|Any CPU
		{ED9F2FAB-4C90-420C-ADCA-5FAEDAB06A19}.Release|Any CPU.Build.0 = Release|Any CPU
		{ED9F2FAB-4C90-420C-ADCA-5FAEDAB06A19}.Release|Any CPU.Deploy.0 = Release|Any CPU
		{ED9F2FAB-4C90-420C-ADCA-5FAEDAB06A19}.Release|ARM.ActiveCfg = Release|Any CPU
		{ED9F2FAB-4C90-420C-ADCA-5FAEDAB06A19}.Release|ARM.Build.0 = Release|Any CPU
		{ED9F2FAB-4C90-420C-ADCA-5FAEDAB06A19}.Release|ARM.Deploy.0 = Release|Any CPU
		{ED9F2FAB-4C90-420C-ADCA-5FAEDAB06A19}.Release|iPhone.ActiveCfg = Release|Any CPU
		{ED9F2FAB-4C90-420C-ADCA-5FAEDAB06A19}.Release|iPhone.Build.0 = Release|Any CPU
		{ED9F2FAB-4C90-420C-ADCA-5FAEDAB06A19}.Release|iPhone.Deploy.0 = Release|Any CPU
		{ED9F2FAB-4C90-420C-ADCA-5FAEDAB06A19}.Release|iPhoneSimulator.ActiveCfg = Release|Any CPU
		{ED9F2FAB-4C90-420C-ADCA-5FAEDAB06A19}.Release|iPhoneSimulator.Build.0 = Release|Any CPU
		{ED9F2FAB-4C90-420C-ADCA-5FAEDAB06A19}.Release|iPhoneSimulator.Deploy.0 = Release|Any CPU
		{ED9F2FAB-4C90-420C-ADCA-5FAEDAB06A19}.Release|x64.ActiveCfg = Release|Any CPU
		{ED9F2FAB-4C90-420C-ADCA-5FAEDAB06A19}.Release|x64.Build.0 = Release|Any CPU
		{ED9F2FAB-4C90-420C-ADCA-5FAEDAB06A19}.Release|x64.Deploy.0 = Release|Any CPU
		{ED9F2FAB-4C90-420C-ADCA-5FAEDAB06A19}.Release|x86.ActiveCfg = Release|Any CPU
		{ED9F2FAB-4C90-420C-ADCA-5FAEDAB06A19}.Release|x86.Build.0 = Release|Any CPU
		{ED9F2FAB-4C90-420C-ADCA-5FAEDAB06A19}.Release|x86.Deploy.0 = Release|Any CPU
	EndGlobalSection
	GlobalSection(SolutionProperties) = preSolution
		HideSolutionNode = FALSE
	EndGlobalSection
	GlobalSection(ExtensibilityGlobals) = postSolution
		SolutionGuid = {2D7E2ADD-23CE-4A56-B098-BDACAC7F0D86}
	EndGlobalSection
EndGlobal
